
Microsoft Visual Studio Solution File, Format Version 12.00
# Visual Studio 2012
Project("{FAE04EC0-301F-11D3-BF4B-00C04F79EFBC}") = "ASPMVCProducts_WPFClient", "ASPMVCProducts_WPFClient\ASPMVCProducts_WPFClient.csproj", "{5D42F18E-786F-4E06-AD26-F4F9DFC93DEE}"
EndProject
Project("{FAE04EC0-301F-11D3-BF4B-00C04F79EFBC}") = "ProductsAPI", "ProductsAPI\ProductsAPI.csproj", "{200D7328-D8E3-4830-8028-872F3D79779C}"
EndProject
Global
	GlobalSection(SolutionConfigurationPlatforms) = preSolution
		Debug|Any CPU = Debug|Any CPU
		Release|Any CPU = Release|Any CPU
	EndGlobalSection
	GlobalSection(ProjectConfigurationPlatforms) = postSolution
		{5D42F18E-786F-4E06-AD26-F4F9DFC93DEE}.Debug|Any CPU.ActiveCfg = Debug|Any CPU
		{5D42F18E-786F-4E06-AD26-F4F9DFC93DEE}.Debug|Any CPU.Build.0 = Debug|Any CPU
		{5D42F18E-786F-4E06-AD26-F4F9DFC93DEE}.Release|Any CPU.ActiveCfg = Release|Any CPU
		{5D42F18E-786F-4E06-AD26-F4F9DFC93DEE}.Release|Any CPU.Build.0 = Release|Any CPU
		{200D7328-D8E3-4830-8028-872F3D79779C}.Debug|Any CPU.ActiveCfg = Debug|Any CPU
		{200D7328-D8E3-4830-8028-872F3D79779C}.Debug|Any CPU.Build.0 = Debug|Any CPU
		{200D7328-D8E3-4830-8028-872F3D79779C}.Release|Any CPU.ActiveCfg = Release|Any CPU
		{200D7328-D8E3-4830-8028-872F3D79779C}.Release|Any CPU.Build.0 = Release|Any CPU
	EndGlobalSection
	GlobalSection(SolutionProperties) = preSolution
		HideSolutionNode = FALSE
	EndGlobalSection
EndGlobal
